hash: e96934202e81aa9e9911d8ff076be1b6085acdea060388fa8495f1d48227aaec
updated: 2017-06-16T23:30:34.563128951-04:00
imports:
- name: golang.org/x/crypto
  version: 850760c427c516be930bc91280636328f1a62286
  subpackages:
  - ssh
  - curve25519
  - ed25519
  - ed25519/internal/edwards25519
testImports: []
